
Microsoft Visual Studio Solution File, Format Version 12.00
# Visual Studio Version 17
VisualStudioVersion = 17.6.33723.286
MinimumVisualStudioVersion = 10.0.40219.1
Project("{FAE04EC0-301F-11D3-BF4B-00C04F79EFBC}") = "ASPWebApiplane", "ASPWebApiplane\ASPWebApiplane.csproj", "{9841946A-43F7-47E1-B41B-F28FB36D9DBC}"
EndProject
Global
	GlobalSection(SolutionConfigurationPlatforms) = preSolution
		Debug|Any CPU = Debug|Any CPU
		Release|Any CPU = Release|Any CPU
	EndGlobalSection
	GlobalSection(ProjectConfigurationPlatforms) = postSolution
		{9841946A-43F7-47E1-B41B-F28FB36D9DBC}.Debug|Any CPU.ActiveCfg = Debug|Any CPU
		{9841946A-43F7-47E1-B41B-F28FB36D9DBC}.Debug|Any CPU.Build.0 = Debug|Any CPU
		{9841946A-43F7-47E1-B41B-F28FB36D9DBC}.Release|Any CPU.ActiveCfg = Release|Any CPU
		{9841946A-43F7-47E1-B41B-F28FB36D9DBC}.Release|Any CPU.Build.0 = Release|Any CPU
	EndGlobalSection
	GlobalSection(SolutionProperties) = preSolution
		HideSolutionNode = FALSE
	EndGlobalSection
	GlobalSection(ExtensibilityGlobals) = postSolution
		SolutionGuid = {34D37B1A-D5DC-4B77-B19F-77DC8F71C7D9}
	EndGlobalSection
EndGlobal
